
Microsoft Visual Studio Solution File, Format Version 12.00
# Visual Studio Version 17
VisualStudioVersion = 17.6.33815.320
MinimumVisualStudioVersion = 10.0.40219.1
Project("{8BC9CEB8-8B4A-11D0-8D11-00A0C91BC942}") = "ReadyOrNot", "ReadyOrNot\ReadyOrNot.vcxproj", "{0F3993E0-802F-4FAD-B863-4FECD4B514CF}"
EndProject
Project("{8BC9CEB8-8B4A-11D0-8D11-00A0C91BC942}") = "minhook", "minhook\minhook.vcxproj", "{3C64E3B4-0683-4A3F-899D-3F4E25786E3F}"
EndProject
Project("{8BC9CEB8-8B4A-11D0-8D11-00A0C91BC942}") = "kiero", "kiero\kiero.vcxproj", "{3244BC81-AA1F-4DD0-8A77-7C03AB47B649}"
EndProject
Project("{8BC9CEB8-8B4A-11D0-8D11-00A0C91BC942}") = "d3d12hook", "d3d12hook\d3d12hook.vcxproj", "{54BE149D-988E-47E6-9410-01D87EE45906}"
EndProject
Project("{8BC9CEB8-8B4A-11D0-8D11-00A0C91BC942}") = "imgui", "imgui\imgui.vcxproj", "{2D77F8C5-274A-4639-A08F-B8690F0AAC7C}"
EndProject
Global
	GlobalSection(SolutionConfigurationPlatforms) = preSolution
		Debug|x64 = Debug|x64
		Debug|x86 = Debug|x86
		Release|x64 = Release|x64
		Release|x86 = Release|x86
	EndGlobalSection
	GlobalSection(ProjectConfigurationPlatforms) = postSolution
		{0F3993E0-802F-4FAD-B863-4FECD4B514CF}.Debug|x64.ActiveCfg = Debug|x64
		{0F3993E0-802F-4FAD-B863-4FECD4B514CF}.Debug|x64.Build.0 = Debug|x64
		{0F3993E0-802F-4FAD-B863-4FECD4B514CF}.Debug|x86.ActiveCfg = Debug|Win32
		{0F3993E0-802F-4FAD-B863-4FECD4B514CF}.Debug|x86.Build.0 = Debug|Win32
		{0F3993E0-802F-4FAD-B863-4FECD4B514CF}.Release|x64.ActiveCfg = Release|x64
		{0F3993E0-802F-4FAD-B863-4FECD4B514CF}.Release|x64.Build.0 = Release|x64
		{0F3993E0-802F-4FAD-B863-4FECD4B514CF}.Release|x86.ActiveCfg = Release|Win32
		{0F3993E0-802F-4FAD-B863-4FECD4B514CF}.Release|x86.Build.0 = Release|Win32
		{3C64E3B4-0683-4A3F-899D-3F4E25786E3F}.Debug|x64.ActiveCfg = Debug|x64
		{3C64E3B4-0683-4A3F-899D-3F4E25786E3F}.Debug|x64.Build.0 = Debug|x64
		{3C64E3B4-0683-4A3F-899D-3F4E25786E3F}.Debug|x86.ActiveCfg = Debug|Win32
		{3C64E3B4-0683-4A3F-899D-3F4E25786E3F}.Debug|x86.Build.0 = Debug|Win32
		{3C64E3B4-0683-4A3F-899D-3F4E25786E3F}.Release|x64.ActiveCfg = Release|x64
		{3C64E3B4-0683-4A3F-899D-3F4E25786E3F}.Release|x64.Build.0 = Release|x64
		{3C64E3B4-0683-4A3F-899D-3F4E25786E3F}.Release|x86.ActiveCfg = Release|Win32
		{3C64E3B4-0683-4A3F-899D-3F4E25786E3F}.Release|x86.Build.0 = Release|Win32
		{3244BC81-AA1F-4DD0-8A77-7C03AB47B649}.Debug|x64.ActiveCfg = Debug|x64
		{3244BC81-AA1F-4DD0-8A77-7C03AB47B649}.Debug|x64.Build.0 = Debug|x64
		{3244BC81-AA1F-4DD0-8A77-7C03AB47B649}.Debug|x86.ActiveCfg = Debug|Win32
		{3244BC81-AA1F-4DD0-8A77-7C03AB47B649}.Debug|x86.Build.0 = Debug|Win32
		{3244BC81-AA1F-4DD0-8A77-7C03AB47B649}.Release|x64.ActiveCfg = Release|x64
		{3244BC81-AA1F-4DD0-8A77-7C03AB47B649}.Release|x64.Build.0 = Release|x64
		{3244BC81-AA1F-4DD0-8A77-7C03AB47B649}.Release|x86.ActiveCfg = Release|Win32
		{3244BC81-AA1F-4DD0-8A77-7C03AB47B649}.Release|x86.Build.0 = Release|Win32
		{54BE149D-988E-47E6-9410-01D87EE45906}.Debug|x64.ActiveCfg = Debug|x64
		{54BE149D-988E-47E6-9410-01D87EE45906}.Debug|x64.Build.0 = Debug|x64
		{54BE149D-988E-47E6-9410-01D87EE45906}.Debug|x86.ActiveCfg = Debug|Win32
		{54BE149D-988E-47E6-9410-01D87EE45906}.Debug|x86.Build.0 = Debug|Win32
		{54BE149D-988E-47E6-9410-01D87EE45906}.Release|x64.ActiveCfg = Release|x64
		{54BE149D-988E-47E6-9410-01D87EE45906}.Release|x64.Build.0 = Release|x64
		{54BE149D-988E-47E6-9410-01D87EE45906}.Release|x86.ActiveCfg = Release|Win32
		{54BE149D-988E-47E6-9410-01D87EE45906}.Release|x86.Build.0 = Release|Win32
		{2D77F8C5-274A-4639-A08F-B8690F0AAC7C}.Debug|x64.ActiveCfg = Debug|x64
		{2D77F8C5-274A-4639-A08F-B8690F0AAC7C}.Debug|x64.Build.0 = Debug|x64
		{2D77F8C5-274A-4639-A08F-B8690F0AAC7C}.Debug|x86.ActiveCfg = Debug|Win32
		{2D77F8C5-274A-4639-A08F-B8690F0AAC7C}.Debug|x86.Build.0 = Debug|Win32
		{2D77F8C5-274A-4639-A08F-B8690F0AAC7C}.Release|x64.ActiveCfg = Release|x64
		{2D77F8C5-274A-4639-A08F-B8690F0AAC7C}.Release|x64.Build.0 = Release|x64
		{2D77F8C5-274A-4639-A08F-B8690F0AAC7C}.Release|x86.ActiveCfg = Release|Win32
		{2D77F8C5-274A-4639-A08F-B8690F0AAC7C}.Release|x86.Build.0 = Release|Win32
	EndGlobalSection
	GlobalSection(SolutionProperties) = preSolution
		HideSolutionNode = FALSE
	EndGlobalSection
	GlobalSection(ExtensibilityGlobals) = postSolution
		SolutionGuid = {7B25D181-8FCA-42F0-922F-360D852741D2}
	EndGlobalSection
EndGlobal
